PODS:
  - Aspects (1.4.1)
  - GTSDK (2.7.4.0):
    - ZXSDK
  - Masonry (1.1.0)
  - ZXSDK (3.2.3)

DEPENDENCIES:
  - Aspects
  - GTSDK
  - Masonry

SPEC REPOS:
  trunk:
    - Aspects
    - GTSDK
    - Masonry
    - ZXSDK

SPEC CHECKSUMS:
  Aspects: 7595ba96a6727a58ebcbfc954497fc5d2fdde546
  GTSDK: f28e6d575e8a1c26e331ce29b0ecac7db39679cc
  Masonry: 678fab65091a9290e40e2832a55e7ab731aad201
  ZXSDK: 3ae8f7f2c5d45b4c1def43e14d930495c5f4d424

PODFILE CHECKSUM: ee198aa7ecb02719e04bf58f4942926e20ef36cb

COCOAPODS: 1.12.1
